
Microsoft Visual Studio Solution File, Format Version 12.00
# Visual Studio Version 17
VisualStudioVersion = 17.11.35222.181
MinimumVisualStudioVersion = 10.0.40219.1
Project("{2150E333-8FDC-42A3-9474-1A3956D46DE8}") = "src", "src", "{9E4A9E5E-5CBF-4EE8-B6EB-6DD679543866}"
EndProject
Project("{2150E333-8FDC-42A3-9474-1A3956D46DE8}") = "BaseUnits", "BaseUnits", "{BE0C4DCB-B577-49D4-932E-CCB434768296}"
EndProject
Project("{2150E333-8FDC-42A3-9474-1A3956D46DE8}") = "Web", "Web", "{0FB7BACA-1E2A-4D24-82CF-80D4A6BBDDDE}"
EndProject
Project("{2150E333-8FDC-42A3-9474-1A3956D46DE8}") = "Services", "Services", "{DF7DB948-E648-4039-BBDC-DEB95986FA82}"
EndProject
Project("{2150E333-8FDC-42A3-9474-1A3956D46DE8}") = "Identidade", "Identidade", "{D3C959BA-610E-4F8F-94F3-94FA6EEDFFBE}"
EndProject
Project("{FAE04EC0-301F-11D3-BF4B-00C04F79EFBC}") = "DSS.Identidade.API", "src\Services\DSS.Identidade.API\DSS.Identidade.API.csproj", "{2C1FFB69-917E-4DB6-993D-F363CC3FAF38}"
EndProject
Project("{2150E333-8FDC-42A3-9474-1A3956D46DE8}") = "MVC", "MVC", "{D990CFB0-AEB6-44F0-8027-6FEA0F731D4C}"
EndProject
Project("{FAE04EC0-301F-11D3-BF4B-00C04F79EFBC}") = "DSS.LojaDevShop.MVC", "src\Web\DSS.LojaDevShop.MVC\DSS.LojaDevShop.MVC.csproj", "{D6AFFD1C-A245-4CB0-9CCA-44571EBACF44}"
EndProject
Project("{2150E333-8FDC-42A3-9474-1A3956D46DE8}") = "Core", "Core", "{2D8D9148-69E8-4CEE-ADB9-077DAEF92927}"
EndProject
Project("{FAE04EC0-301F-11D3-BF4B-00C04F79EFBC}") = "DSS.Core", "src\BaseUnits\DSS.Core\DSS.Core.csproj", "{668C9D50-AF00-412C-99FF-B98CF2B24DD9}"
EndProject
Project("{2150E333-8FDC-42A3-9474-1A3956D46DE8}") = "Pagamento", "Pagamento", "{4FF30623-E266-4135-B071-DD6897882201}"
EndProject
Project("{2150E333-8FDC-42A3-9474-1A3956D46DE8}") = "Cliente", "Cliente", "{ACF7AC23-A35D-41FC-BE50-79D745FF7689}"
EndProject
Project("{2150E333-8FDC-42A3-9474-1A3956D46DE8}") = "Pedido", "Pedido", "{218C7A87-CB80-477F-8310-F5398E2B085D}"
EndProject
Project("{2150E333-8FDC-42A3-9474-1A3956D46DE8}") = "Catalago", "Catalago", "{48547398-524F-4014-B82E-562AE484BF9C}"
EndProject
Project("{2150E333-8FDC-42A3-9474-1A3956D46DE8}") = "Carrinho", "Carrinho", "{1225B692-992D-4139-A5F1-F7D8A1E6F5E5}"
EndProject
Project("{FAE04EC0-301F-11D3-BF4B-00C04F79EFBC}") = "DSS.Carrinho.API", "src\Services\DSS.Carrinho.API\DSS.Carrinho.API.csproj", "{607135D2-41F4-4100-90B5-FF174A3CC7D4}"
EndProject
Project("{FAE04EC0-301F-11D3-BF4B-00C04F79EFBC}") = "DSS.Catalago.API", "src\Services\DSS.Catalago.API\DSS.Catalago.API.csproj", "{3079BBB2-8F33-493B-9C0D-7EE0C785B793}"
EndProject
Project("{FAE04EC0-301F-11D3-BF4B-00C04F79EFBC}") = "DSS.Cliente.API", "src\Services\DSS.Cliente.API\DSS.Cliente.API.csproj", "{3D71E2EF-2975-485B-A2CD-310190284540}"
EndProject
Project("{FAE04EC0-301F-11D3-BF4B-00C04F79EFBC}") = "DSS.Pagamento.API", "src\Services\DSS.Pagamento.API\DSS.Pagamento.API.csproj", "{E8EA13C9-D553-4F56-81AF-020E7DB78FE3}"
EndProject
Project("{FAE04EC0-301F-11D3-BF4B-00C04F79EFBC}") = "DSS.Pedido.API", "src\Services\DSS.Pedido.API\DSS.Pedido.API.csproj", "{00C330E9-3E0A-40E4-A94D-16104E2F4EAE}"
EndProject
Global
	GlobalSection(SolutionConfigurationPlatforms) = preSolution
		Debug|Any CPU = Debug|Any CPU
		Release|Any CPU = Release|Any CPU
	EndGlobalSection
	GlobalSection(ProjectConfigurationPlatforms) = postSolution
		{2C1FFB69-917E-4DB6-993D-F363CC3FAF38}.Debug|Any CPU.ActiveCfg = Debug|Any CPU
		{2C1FFB69-917E-4DB6-993D-F363CC3FAF38}.Debug|Any CPU.Build.0 = Debug|Any CPU
		{2C1FFB69-917E-4DB6-993D-F363CC3FAF38}.Release|Any CPU.ActiveCfg = Release|Any CPU
		{2C1FFB69-917E-4DB6-993D-F363CC3FAF38}.Release|Any CPU.Build.0 = Release|Any CPU
		{D6AFFD1C-A245-4CB0-9CCA-44571EBACF44}.Debug|Any CPU.ActiveCfg = Debug|Any CPU
		{D6AFFD1C-A245-4CB0-9CCA-44571EBACF44}.Debug|Any CPU.Build.0 = Debug|Any CPU
		{D6AFFD1C-A245-4CB0-9CCA-44571EBACF44}.Release|Any CPU.ActiveCfg = Release|Any CPU
		{D6AFFD1C-A245-4CB0-9CCA-44571EBACF44}.Release|Any CPU.Build.0 = Release|Any CPU
		{668C9D50-AF00-412C-99FF-B98CF2B24DD9}.Debug|Any CPU.ActiveCfg = Debug|Any CPU
		{668C9D50-AF00-412C-99FF-B98CF2B24DD9}.Debug|Any CPU.Build.0 = Debug|Any CPU
		{668C9D50-AF00-412C-99FF-B98CF2B24DD9}.Release|Any CPU.ActiveCfg = Release|Any CPU
		{668C9D50-AF00-412C-99FF-B98CF2B24DD9}.Release|Any CPU.Build.0 = Release|Any CPU
		{607135D2-41F4-4100-90B5-FF174A3CC7D4}.Debug|Any CPU.ActiveCfg = Debug|Any CPU
		{607135D2-41F4-4100-90B5-FF174A3CC7D4}.Debug|Any CPU.Build.0 = Debug|Any CPU
		{607135D2-41F4-4100-90B5-FF174A3CC7D4}.Release|Any CPU.ActiveCfg = Release|Any CPU
		{607135D2-41F4-4100-90B5-FF174A3CC7D4}.Release|Any CPU.Build.0 = Release|Any CPU
		{3079BBB2-8F33-493B-9C0D-7EE0C785B793}.Debug|Any CPU.ActiveCfg = Debug|Any CPU
		{3079BBB2-8F33-493B-9C0D-7EE0C785B793}.Debug|Any CPU.Build.0 = Debug|Any CPU
		{3079BBB2-8F33-493B-9C0D-7EE0C785B793}.Release|Any CPU.ActiveCfg = Release|Any CPU
		{3079BBB2-8F33-493B-9C0D-7EE0C785B793}.Release|Any CPU.Build.0 = Release|Any CPU
		{3D71E2EF-2975-485B-A2CD-310190284540}.Debug|Any CPU.ActiveCfg = Debug|Any CPU
		{3D71E2EF-2975-485B-A2CD-310190284540}.Debug|Any CPU.Build.0 = Debug|Any CPU
		{3D71E2EF-2975-485B-A2CD-310190284540}.Release|Any CPU.ActiveCfg = Release|Any CPU
		{3D71E2EF-2975-485B-A2CD-310190284540}.Release|Any CPU.Build.0 = Release|Any CPU
		{E8EA13C9-D553-4F56-81AF-020E7DB78FE3}.Debug|Any CPU.ActiveCfg = Debug|Any CPU
		{E8EA13C9-D553-4F56-81AF-020E7DB78FE3}.Debug|Any CPU.Build.0 = Debug|Any CPU
		{E8EA13C9-D553-4F56-81AF-020E7DB78FE3}.Release|Any CPU.ActiveCfg = Release|Any CPU
		{E8EA13C9-D553-4F56-81AF-020E7DB78FE3}.Release|Any CPU.Build.0 = Release|Any CPU
		{00C330E9-3E0A-40E4-A94D-16104E2F4EAE}.Debug|Any CPU.ActiveCfg = Debug|Any CPU
		{00C330E9-3E0A-40E4-A94D-16104E2F4EAE}.Debug|Any CPU.Build.0 = Debug|Any CPU
		{00C330E9-3E0A-40E4-A94D-16104E2F4EAE}.Release|Any CPU.ActiveCfg = Release|Any CPU
		{00C330E9-3E0A-40E4-A94D-16104E2F4EAE}.Release|Any CPU.Build.0 = Release|Any CPU
	EndGlobalSection
	GlobalSection(SolutionProperties) = preSolution
		HideSolutionNode = FALSE
	EndGlobalSection
	GlobalSection(NestedProjects) = preSolution
		{BE0C4DCB-B577-49D4-932E-CCB434768296} = {9E4A9E5E-5CBF-4EE8-B6EB-6DD679543866}
		{0FB7BACA-1E2A-4D24-82CF-80D4A6BBDDDE} = {9E4A9E5E-5CBF-4EE8-B6EB-6DD679543866}
		{DF7DB948-E648-4039-BBDC-DEB95986FA82} = {9E4A9E5E-5CBF-4EE8-B6EB-6DD679543866}
		{D3C959BA-610E-4F8F-94F3-94FA6EEDFFBE} = {DF7DB948-E648-4039-BBDC-DEB95986FA82}
		{2C1FFB69-917E-4DB6-993D-F363CC3FAF38} = {D3C959BA-610E-4F8F-94F3-94FA6EEDFFBE}
		{D990CFB0-AEB6-44F0-8027-6FEA0F731D4C} = {0FB7BACA-1E2A-4D24-82CF-80D4A6BBDDDE}
		{D6AFFD1C-A245-4CB0-9CCA-44571EBACF44} = {D990CFB0-AEB6-44F0-8027-6FEA0F731D4C}
		{2D8D9148-69E8-4CEE-ADB9-077DAEF92927} = {BE0C4DCB-B577-49D4-932E-CCB434768296}
		{668C9D50-AF00-412C-99FF-B98CF2B24DD9} = {2D8D9148-69E8-4CEE-ADB9-077DAEF92927}
		{4FF30623-E266-4135-B071-DD6897882201} = {DF7DB948-E648-4039-BBDC-DEB95986FA82}
		{ACF7AC23-A35D-41FC-BE50-79D745FF7689} = {DF7DB948-E648-4039-BBDC-DEB95986FA82}
		{218C7A87-CB80-477F-8310-F5398E2B085D} = {DF7DB948-E648-4039-BBDC-DEB95986FA82}
		{48547398-524F-4014-B82E-562AE484BF9C} = {DF7DB948-E648-4039-BBDC-DEB95986FA82}
		{1225B692-992D-4139-A5F1-F7D8A1E6F5E5} = {DF7DB948-E648-4039-BBDC-DEB95986FA82}
		{607135D2-41F4-4100-90B5-FF174A3CC7D4} = {1225B692-992D-4139-A5F1-F7D8A1E6F5E5}
		{3079BBB2-8F33-493B-9C0D-7EE0C785B793} = {48547398-524F-4014-B82E-562AE484BF9C}
		{3D71E2EF-2975-485B-A2CD-310190284540} = {ACF7AC23-A35D-41FC-BE50-79D745FF7689}
		{E8EA13C9-D553-4F56-81AF-020E7DB78FE3} = {4FF30623-E266-4135-B071-DD6897882201}
		{00C330E9-3E0A-40E4-A94D-16104E2F4EAE} = {218C7A87-CB80-477F-8310-F5398E2B085D}
	EndGlobalSection
	GlobalSection(ExtensibilityGlobals) = postSolution
		SolutionGuid = {87C80DE1-BD22-44C9-95B1-031B0F04D020}
	EndGlobalSection
EndGlobal
